
Microsoft Visual Studio Solution File, Format Version 12.00
# Visual Studio Version 17
VisualStudioVersion = 17.9.34622.214
MinimumVisualStudioVersion = 10.0.40219.1
Project("{9A19103F-16F7-4668-BE54-9A1E7A4F7556}") = "lab1", "lab1\lab1.csproj", "{2E8DBB33-76A1-4954-93E3-D2BC674040D7}"
EndProject
Global
	GlobalSection(SolutionConfigurationPlatforms) = preSolution
		Debug|Any CPU = Debug|Any CPU
		Release|Any CPU = Release|Any CPU
	EndGlobalSection
	GlobalSection(ProjectConfigurationPlatforms) = postSolution
		{2E8DBB33-76A1-4954-93E3-D2BC674040D7}.Debug|Any CPU.ActiveCfg = Debug|Any CPU
		{2E8DBB33-76A1-4954-93E3-D2BC674040D7}.Debug|Any CPU.Build.0 = Debug|Any CPU
		{2E8DBB33-76A1-4954-93E3-D2BC674040D7}.Release|Any CPU.ActiveCfg = Release|Any CPU
		{2E8DBB33-76A1-4954-93E3-D2BC674040D7}.Release|Any CPU.Build.0 = Release|Any CPU
	EndGlobalSection
	GlobalSection(SolutionProperties) = preSolution
		HideSolutionNode = FALSE
	EndGlobalSection
	GlobalSection(ExtensibilityGlobals) = postSolution
		SolutionGuid = {E92C3697-ADDE-4AE3-80A6-158EC775BEC4}
	EndGlobalSection
EndGlobal
